// !$*UTF8*$!
{
	archiveVersion = 1;
	classes = {
	};
	objectVersion = 48;
	objects = {

/* Begin PBXBuildFile section */
		4B16BC662073066800B86E35 /* AppDelegate.swift in Sources */ = {isa = PBXBuildFile; fileRef = 4B16BC652073066800B86E35 /* AppDelegate.swift */; };
		4B16BC682073066800B86E35 /* ViewController.swift in Sources */ = {isa = PBXBuildFile; fileRef = 4B16BC672073066800B86E35 /* ViewController.swift */; };
		4B16BC6B2073066800B86E35 /* Main.storyboard in Resources */ = {isa = PBXBuildFile; fileRef = 4B16BC692073066800B86E35 /* Main.storyboard */; };
		4B16BC6D2073066800B86E35 /* Assets.xcassets in Resources */ = {isa = PBXBuildFile; fileRef = 4B16BC6C2073066800B86E35 /* Assets.xcassets */; };
		4B16BC702073066800B86E35 /* LaunchScreen.storyboard in Resources */ = {isa = PBXBuildFile; fileRef = 4B16BC6E2073066800B86E35 /* LaunchScreen.storyboard */; };
		4B16BC7B2073066900B86E35 /* quizGameTests.swift in Sources */ = {isa = PBXBuildFile; fileRef = 4B16BC7A2073066900B86E35 /* quizGameTests.swift */; };
		4B16BC862073066900B86E35 /* quizGameUITests.swift in Sources */ = {isa = PBXBuildFile; fileRef = 4B16BC852073066900B86E35 /* quizGameUITests.swift */; };
		4B16BC962073211000B86E35 /* ScoreController.swift in Sources */ = {isa = PBXBuildFile; fileRef = 4B16BC952073211000B86E35 /* ScoreController.swift */; };
/* End PBXBuildFile section */

/* Begin PBXContainerItemProxy section */
		4B16BC772073066900B86E35 /* PBXContainerItemProxy */ = {
			isa = PBXContainerItemProxy;
			containerPortal = 4B16BC5A2073066800B86E35 /* Project object */;
			proxyType = 1;
			remoteGlobalIDString = 4B16BC612073066800B86E35;
			remoteInfo = quizGame;
		};
		4B16BC822073066900B86E35 /* PBXContainerItemProxy */ = {
			isa = PBXContainerItemProxy;
			containerPortal = 4B16BC5A2073066800B86E35 /* Project object */;
			proxyType = 1;
			remoteGlobalIDString = 4B16BC612073066800B86E35;
			remoteInfo = quizGame;
		};
/* End PBXContainerItemProxy section */

/* Begin PBXFileReference section */
		4B16BC622073066800B86E35 /* quizGame.app */ = {isa = PBXFileReference; explicitFileType = wrapper.application; includeInIndex = 0; path = quizGame.app; sourceTree = BUILT_PRODUCTS_DIR; };
		4B16BC652073066800B86E35 /* AppDelegate.swift */ = {isa = PBXFileReference; lastKnownFileType = sourcecode.swift; path = AppDelegate.swift; sourceTree = "<group>"; };
		4B16BC672073066800B86E35 /* ViewController.swift */ = {isa = PBXFileReference; lastKnownFileType = sourcecode.swift; path = ViewController.swift; sourceTree = "<group>"; };
		4B16BC6A2073066800B86E35 /* Base */ = {isa = PBXFileReference; lastKnownFileType = file.storyboard; name = Base; path = Base.lproj/Main.storyboard; sourceTree = "<group>"; };
		4B16BC6C2073066800B86E35 /* Assets.xcassets */ = {isa = PBXFileReference; lastKnownFileType = folder.assetcatalog; path = Assets.xcassets; sourceTree = "<group>"; };
		4B16BC6F2073066800B86E35 /* Base */ = {isa = PBXFileReference; lastKnownFileType = file.storyboard; name = Base; path = Base.lproj/LaunchScreen.storyboard; sourceTree = "<group>"; };
		4B16BC712073066800B86E35 /* Info.plist */ = {isa = PBXFileReference; lastKnownFileType = text.plist.xml; path = Info.plist; sourceTree = "<group>"; };
		4B16BC762073066900B86E35 /* quizGameTests.xctest */ = {isa = PBXFileReference; explicitFileType = wrapper.cfbundle; includeInIndex = 0; path = quizGameTests.xctest; sourceTree = BUILT_PRODUCTS_DIR; };
		4B16BC7A2073066900B86E35 /* quizGameTests.swift */ = {isa = PBXFileReference; lastKnownFileType = sourcecode.swift; path = quizGameTests.swift; sourceTree = "<group>"; };
		4B16BC7C2073066900B86E35 /* Info.plist */ = {isa = PBXFileReference; lastKnownFileType = text.plist.xml; path = Info.plist; sourceTree = "<group>"; };
		4B16BC812073066900B86E35 /* quizGameUITests.xctest */ = {isa = PBXFileReference; explicitFileType = wrapper.cfbundle; includeInIndex = 0; path = quizGameUITests.xctest; sourceTree = BUILT_PRODUCTS_DIR; };
		4B16BC852073066900B86E35 /* quizGameUITests.swift */ = {isa = PBXFileReference; lastKnownFileType = sourcecode.swift; path = quizGameUITests.swift; sourceTree = "<group>"; };
		4B16BC872073066900B86E35 /* Info.plist */ = {isa = PBXFileReference; lastKnownFileType = text.plist.xml; path = Info.plist; sourceTree = "<group>"; };
		4B16BC952073211000B86E35 /* ScoreController.swift */ = {isa = PBXFileReference; lastKnownFileType = sourcecode.swift; path = ScoreController.swift; sourceTree = "<group>"; };
/* End PBXFileReference section */

/* Begin PBXFrameworksBuildPhase section */
		4B16BC5F2073066800B86E35 /* Frameworks */ = {
			isa = PBXFrameworksBuildPhase;
			buildActionMask = 2147483647;
			files = (
			);
			runOnlyForDeploymentPostprocessing = 0;
		};
		4B16BC732073066900B86E35 /* Frameworks */ = {
			isa = PBXFrameworksBuildPhase;
			buildActionMask = 2147483647;
			files = (
			);
			runOnlyForDeploymentPostprocessing = 0;
		};
		4B16BC7E2073066900B86E35 /* Frameworks */ = {
			isa = PBXFrameworksBuildPhase;
			buildActionMask = 2147483647;
			files = (
			);
			runOnlyForDeploymentPostprocessing = 0;
		};
/* End PBXFrameworksBuildPhase section */

/* Begin PBXGroup section */
		4B16BC592073066800B86E35 = {
			isa = PBXGroup;
			children = (
				4B16BC642073066800B86E35 /* quizGame */,
				4B16BC792073066900B86E35 /* quizGameTests */,
				4B16BC842073066900B86E35 /* quizGameUITests */,
				4B16BC632073066800B86E35 /* Products */,
			);
			sourceTree = "<group>";
		};
		4B16BC632073066800B86E35 /* Products */ = {
			isa = PBXGroup;
			children = (
				4B16BC622073066800B86E35 /* quizGame.app */,
				4B16BC762073066900B86E35 /* quizGameTests.xctest */,
				4B16BC812073066900B86E35 /* quizGameUITests.xctest */,
			);
			name = Products;
			sourceTree = "<group>";
		};
		4B16BC642073066800B86E35 /* quizGame */ = {
			isa = PBXGroup;
			children = (
				4B16BC652073066800B86E35 /* AppDelegate.swift */,
				4B16BC672073066800B86E35 /* ViewController.swift */,
				4B16BC692073066800B86E35 /* Main.storyboard */,
				4B16BC6C2073066800B86E35 /* Assets.xcassets */,
				4B16BC6E2073066800B86E35 /* LaunchScreen.storyboard */,
				4B16BC712073066800B86E35 /* Info.plist */,
				4B16BC952073211000B86E35 /* ScoreController.swift */,
			);
			path = quizGame;
			sourceTree = "<group>";
		};
		4B16BC792073066900B86E35 /* quizGameTests */ = {
			isa = PBXGroup;
			children = (
				4B16BC7A2073066900B86E35 /* quizGameTests.swift */,
				4B16BC7C2073066900B86E35 /* Info.plist */,
			);
			path = quizGameTests;
			sourceTree = "<group>";
		};
		4B16BC842073066900B86E35 /* quizGameUITests */ = {
			isa = PBXGroup;
			children = (
				4B16BC852073066900B86E35 /* quizGameUITests.swift */,
				4B16BC872073066900B86E35 /* Info.plist */,
			);
			path = quizGameUITests;
			sourceTree = "<group>";
		};
/* End PBXGroup section */

/* Begin PBXNativeTarget section */
		4B16BC612073066800B86E35 /* quizGame */ = {
			isa = PBXNativeTarget;
			buildConfigurationList = 4B16BC8A2073066900B86E35 /* Build configuration list for PBXNativeTarget "quizGame" */;
			buildPhases = (
				4B16BC5E2073066800B86E35 /* Sources */,
				4B16BC5F2073066800B86E35 /* Frameworks */,
				4B16BC602073066800B86E35 /* Resources */,
			);
			buildRules = (
			);
			dependencies = (
			);
			name = quizGame;
			productName = quizGame;
			productReference = 4B16BC622073066800B86E35 /* quizGame.app */;
			productType = "com.apple.product-type.application";
		};
		4B16BC752073066900B86E35 /* quizGameTests */ = {
			isa = PBXNativeTarget;
			buildConfigurationList = 4B16BC8D2073066900B86E35 /* Build configuration list for PBXNativeTarget "quizGameTests" */;
			buildPhases = (
				4B16BC722073066900B86E35 /* Sources */,
				4B16BC732073066900B86E35 /* Frameworks */,
				4B16BC742073066900B86E35 /* Resources */,
			);
			buildRules = (
			);
			dependencies = (
				4B16BC782073066900B86E35 /* PBXTargetDependency */,
			);
			name = quizGameTests;
			productName = quizGameTests;
			productReference = 4B16BC762073066900B86E35 /* quizGameTests.xctest */;
			productType = "com.apple.product-type.bundle.unit-test";
		};
		4B16BC802073066900B86E35 /* quizGameUITests */ = {
			isa = PBXNativeTarget;
			buildConfigurationList = 4B16BC902073066900B86E35 /* Build configuration list for PBXNativeTarget "quizGameUITests" */;
			buildPhases = (
				4B16BC7D2073066900B86E35 /* Sources */,
				4B16BC7E2073066900B86E35 /* Frameworks */,
				4B16BC7F2073066900B86E35 /* Resources */,
			);
			buildRules = (
			);
			dependencies = (
				4B16BC832073066900B86E35 /* PBXTargetDependency */,
			);
			name = quizGameUITests;
			productName = quizGameUITests;
			productReference = 4B16BC812073066900B86E35 /* quizGameUITests.xctest */;
			productType = "com.apple.product-type.bundle.ui-testing";
		};
/* End PBXNativeTarget section */

/* Begin PBXProject section */
		4B16BC5A2073066800B86E35 /* Project object */ = {
			isa = PBXProject;
			attributes = {
				LastSwiftUpdateCheck = 0920;
				LastUpgradeCheck = 0920;
				ORGANIZATIONNAME = CIS;
				TargetAttributes = {
					4B16BC612073066800B86E35 = {
						CreatedOnToolsVersion = 9.2;
						ProvisioningStyle = Automatic;
					};
					4B16BC752073066900B86E35 = {
						CreatedOnToolsVersion = 9.2;
						ProvisioningStyle = Automatic;
						TestTargetID = 4B16BC612073066800B86E35;
					};
					4B16BC802073066900B86E35 = {
						CreatedOnToolsVersion = 9.2;
						ProvisioningStyle = Automatic;
						TestTargetID = 4B16BC612073066800B86E35;
					};
				};
			};
			buildConfigurationList = 4B16BC5D2073066800B86E35 /* Build configuration list for PBXProject "quizGame" */;
			compatibilityVersion = "Xcode 8.0";
			developmentRegion = en;
			hasScannedForEncodings = 0;
			knownRegions = (
				en,
				Base,
			);
			mainGroup = 4B16BC592073066800B86E35;
			productRefGroup = 4B16BC632073066800B86E35 /* Products */;
			projectDirPath = "";
			projectRoot = "";
			targets = (
				4B16BC612073066800B86E35 /* quizGame */,
				4B16BC752073066900B86E35 /* quizGameTests */,
				4B16BC802073066900B86E35 /* quizGameUITests */,
			);
		};
/* End PBXProject section */

/* Begin PBXResourcesBuildPhase section */
		4B16BC602073066800B86E35 /* Resources */ = {
			isa = PBXResourcesBuildPhase;
			buildActionMask = 2147483647;
			files = (
				4B16BC702073066800B86E35 /* LaunchScreen.storyboard in Resources */,
				4B16BC6D2073066800B86E35 /* Assets.xcassets in Resources */,
				4B16BC6B2073066800B86E35 /* Main.storyboard in Resources */,
			);
			runOnlyForDeploymentPostprocessing = 0;
		};
		4B16BC742073066900B86E35 /* Resources */ = {
			isa = PBXResourcesBuildPhase;
			buildActionMask = 2147483647;
			files = (
			);
			runOnlyForDeploymentPostprocessing = 0;
		};
		4B16BC7F2073066900B86E35 /* Resources */ = {
			isa = PBXResourcesBuildPhase;
			buildActionMask = 2147483647;
			files = (
			);
			runOnlyForDeploymentPostprocessing = 0;
		};
/* End PBXResourcesBuildPhase section */

/* Begin PBXSourcesBuildPhase section */
		4B16BC5E2073066800B86E35 /* Sources */ = {
			isa = PBXSourcesBuildPhase;
			buildActionMask = 2147483647;
			files = (
				4B16BC682073066800B86E35 /* ViewController.swift in Sources */,
				4B16BC662073066800B86E35 /* AppDelegate.swift in Sources */,
				4B16BC962073211000B86E35 /* ScoreController.swift in Sources */,
			);
			runOnlyForDeploymentPostprocessing = 0;
		};
		4B16BC722073066900B86E35 /* Sources */ = {
			isa = PBXSourcesBuildPhase;
			buildActionMask = 2147483647;
			files = (
				4B16BC7B2073066900B86E35 /* quizGameTests.swift in Sources */,
			);
			runOnlyForDeploymentPostprocessing = 0;
		};
		4B16BC7D2073066900B86E35 /* Sources */ = {
			isa = PBXSourcesBuildPhase;
			buildActionMask = 2147483647;
			files = (
				4B16BC862073066900B86E35 /* quizGameUITests.swift in Sources */,
			);
			runOnlyForDeploymentPostprocessing = 0;
		};
/* End PBXSourcesBuildPhase section */

/* Begin PBXTargetDependency section */
		4B16BC782073066900B86E35 /* PBXTargetDependency */ = {
			isa = PBXTargetDependency;
			target = 4B16BC612073066800B86E35 /* quizGame */;
			targetProxy = 4B16BC772073066900B86E35 /* PBXContainerItemProxy */;
		};
		4B16BC832073066900B86E35 /* PBXTargetDependency */ = {
			isa = PBXTargetDependency;
			target = 4B16BC612073066800B86E35 /* quizGame */;
			targetProxy = 4B16BC822073066900B86E35 /* PBXContainerItemProxy */;
		};
/* End PBXTargetDependency section */

/* Begin PBXVariantGroup section */
		4B16BC692073066800B86E35 /* Main.storyboard */ = {
			isa = PBXVariantGroup;
			children = (
				4B16BC6A2073066800B86E35 /* Base */,
			);
			name = Main.storyboard;
			sourceTree = "<group>";
		};
		4B16BC6E2073066800B86E35 /* LaunchScreen.storyboard */ = {
			isa = PBXVariantGroup;
			children = (
				4B16BC6F2073066800B86E35 /* Base */,
			);
			name = LaunchScreen.storyboard;
			sourceTree = "<group>";
		};
/* End PBXVariantGroup section */

/* Begin XCBuildConfiguration section */
		4B16BC882073066900B86E35 /* Debug */ = {
			isa = XCBuildConfiguration;
			buildSettings = {
				ALWAYS_SEARCH_USER_PATHS = NO;
				CLANG_ANALYZER_NONNULL = YES;
				CLANG_ANALYZER_NUMBER_OBJECT_CONVERSION = YES_AGGRESSIVE;
				CLANG_CXX_LANGUAGE_STANDARD = "gnu++14";
				CLANG_CXX_LIBRARY = "libc++";
				CLANG_ENABLE_MODULES = YES;
				CLANG_ENABLE_OBJC_ARC = YES;
				CLANG_WARN_BLOCK_CAPTURE_AUTORELEASING = YES;
				CLANG_WARN_BOOL_CONVERSION = YES;
				CLANG_WARN_COMMA = YES;
				CLANG_WARN_CONSTANT_CONVERSION = YES;
				CLANG_WARN_DIRECT_OBJC_ISA_USAGE = YES_ERROR;
				CLANG_WARN_DOCUMENTATION_COMMENTS = YES;
				CLANG_WARN_EMPTY_BODY = YES;
				CLANG_WARN_ENUM_CONVERSION = YES;
				CLANG_WARN_INFINITE_RECURSION = YES;
				CLANG_WARN_INT_CONVERSION = YES;
				CLANG_WARN_NON_LITERAL_NULL_CONVERSION = YES;
				CLANG_WARN_OBJC_LITERAL_CONVERSION = YES;
				CLANG_WARN_OBJC_ROOT_CLASS = YES_ERROR;
				CLANG_WARN_RANGE_LOOP_ANALYSIS = YES;
				CLANG_WARN_STRICT_PROTOTYPES = YES;
				CLANG_WARN_SUSPICIOUS_MOVE = YES;
				CLANG_WARN_UNGUARDED_AVAILABILITY = YES_AGGRESSIVE;
				CLANG_WARN_UNREACHABLE_CODE = YES;
				CLANG_WARN__DUPLICATE_METHOD_MATCH = YES;
				CODE_SIGN_IDENTITY = "iPhone Developer";
				COPY_PHASE_STRIP = NO;
				DEBUG_INFORMATION_FORMAT = dwarf;
				ENABLE_STRICT_OBJC_MSGSEND = YES;
				ENABLE_TESTABILITY = YES;
				GCC_C_LANGUAGE_STANDARD = gnu11;
				GCC_DYNAMIC_NO_PIC = NO;
				GCC_NO_COMMON_BLOCKS = YES;
				GCC_OPTIMIZATION_LEVEL = 0;
				GCC_PREPROCESSOR_DEFINITIONS = (
					"DEBUG=1",
					"$(inherited)",
				);
				GCC_WARN_64_TO_32_BIT_CONVERSION = YES;
				GCC_WARN_ABOUT_RETURN_TYPE = YES_ERROR;
				GCC_WARN_UNDECLARED_SELECTOR = YES;
				GCC_WARN_UNINITIALIZED_AUTOS = YES_AGGRESSIVE;
				GCC_WARN_UNUSED_FUNCTION = YES;
				GCC_WARN_UNUSED_VARIABLE = YES;
				IPHONEOS_DEPLOYMENT_TARGET = 11.2;
				MTL_ENABLE_DEBUG_INFO = YES;
				ONLY_ACTIVE_ARCH = YES;
				SDKROOT = iphoneos;
				SWIFT_ACTIVE_COMPILATION_CONDITIONS = DEBUG;
				SWIFT_OPTIMIZATION_LEVEL = "-Onone";
			};
			name = Debug;
		};
		4B16BC892073066900B86E35 /* Release */ = {
			isa = XCBuildConfiguration;
			buildSettings = {
				ALWAYS_SEARCH_USER_PATHS = NO;
				CLANG_ANALYZER_NONNULL = YES;
				CLANG_ANALYZER_NUMBER_OBJECT_CONVERSION = YES_AGGRESSIVE;
				CLANG_CXX_LANGUAGE_STANDARD = "gnu++14";
				CLANG_CXX_LIBRARY = "libc++";
				CLANG_ENABLE_MODULES = YES;
				CLANG_ENABLE_OBJC_ARC = YES;
				CLANG_WARN_BLOCK_CAPTURE_AUTORELEASING = YES;
				CLANG_WARN_BOOL_CONVERSION = YES;
				CLANG_WARN_COMMA = YES;
				CLANG_WARN_CONSTANT_CONVERSION = YES;
				CLANG_WARN_DIRECT_OBJC_ISA_USAGE = YES_ERROR;
				CLANG_WARN_DOCUMENTATION_COMMENTS = YES;
				CLANG_WARN_EMPTY_BODY = YES;
				CLANG_WARN_ENUM_CONVERSION = YES;
				CLANG_WARN_INFINITE_RECURSION = YES;
				CLANG_WARN_INT_CONVERSION = YES;
				CLANG_WARN_NON_LITERAL_NULL_CONVERSION = YES;
				CLANG_WARN_OBJC_LITERAL_CONVERSION = YES;
				CLANG_WARN_OBJC_ROOT_CLASS = YES_ERROR;
				CLANG_WARN_RANGE_LOOP_ANALYSIS = YES;
				CLANG_WARN_STRICT_PROTOTYPES = YES;
				CLANG_WARN_SUSPICIOUS_MOVE = YES;
				CLANG_WARN_UNGUARDED_AVAILABILITY = YES_AGGRESSIVE;
				CLANG_WARN_UNREACHABLE_CODE = YES;
				CLANG_WARN__DUPLICATE_METHOD_MATCH = YES;
				CODE_SIGN_IDENTITY = "iPhone Developer";
				COPY_PHASE_STRIP = NO;
				DEBUG_INFORMATION_FORMAT = "dwarf-with-dsym";
				ENABLE_NS_ASSERTIONS = NO;
				ENABLE_STRICT_OBJC_MSGSEND = YES;
				GCC_C_LANGUAGE_STANDARD = gnu11;
				GCC_NO_COMMON_BLOCKS = YES;
				GCC_WARN_64_TO_32_BIT_CONVERSION = YES;
				GCC_WARN_ABOUT_RETURN_TYPE = YES_ERROR;
				GCC_WARN_UNDECLARED_SELECTOR = YES;
				GCC_WARN_UNINITIALIZED_AUTOS = YES_AGGRESSIVE;
				GCC_WARN_UNUSED_FUNCTION = YES;
				GCC_WARN_UNUSED_VARIABLE = YES;
				IPHONEOS_DEPLOYMENT_TARGET = 11.2;
				MTL_ENABLE_DEBUG_INFO = NO;
				SDKROOT = iphoneos;
				SWIFT_OPTIMIZATION_LEVEL = "-Owholemodule";
				VALIDATE_PRODUCT = YES;
			};
			name = Release;
		};
		4B16BC8B2073066900B86E35 /* Debug */ = {
			isa = XCBuildConfiguration;
			buildSettings = {
				ASSETCATALOG_COMPILER_APPICON_NAME = AppIcon;
				CODE_SIGN_STYLE = Automatic;
				DEVELOPMENT_TEAM = "";
				INFOPLIST_FILE = quizGame/Info.plist;
				LD_RUNPATH_SEARCH_PATHS = "$(inherited) @executable_path/Frameworks";
				PRODUCT_BUNDLE_IDENTIFIER = group9.quizGame;
				PRODUCT_NAME = "$(TARGET_NAME)";
				SWIFT_VERSION = 4.0;
				TARGETED_DEVICE_FAMILY = "1,2";
			};
			name = Debug;
		};
		4B16BC8C2073066900B86E35 /* Release */ = {
			isa = XCBuildConfiguration;
			buildSettings = {
				ASSETCATALOG_COMPILER_APPICON_NAME = AppIcon;
				CODE_SIGN_STYLE = Automatic;
				DEVELOPMENT_TEAM = "";
				INFOPLIST_FILE = quizGame/Info.plist;
				LD_RUNPATH_SEARCH_PATHS = "$(inherited) @executable_path/Frameworks";
				PRODUCT_BUNDLE_IDENTIFIER = group9.quizGame;
				PRODUCT_NAME = "$(TARGET_NAME)";
				SWIFT_VERSION = 4.0;
				TARGETED_DEVICE_FAMILY = "1,2";
			};
			name = Release;
		};
		4B16BC8E2073066900B86E35 /* Debug */ = {
			isa = XCBuildConfiguration;
			buildSettings = {
				ALWAYS_EMBED_SWIFT_STANDARD_LIBRARIES = YES;
				BUNDLE_LOADER = "$(TEST_HOST)";
				CODE_SIGN_STYLE = Automatic;
				DEVELOPMENT_TEAM = FC597CZGMA;
				INFOPLIST_FILE = quizGameTests/Info.plist;
				LD_RUNPATH_SEARCH_PATHS = "$(inherited) @executable_path/Frameworks @loader_path/Frameworks";
				PRODUCT_BUNDLE_IDENTIFIER = group9.quizGameTests;
				PRODUCT_NAME = "$(TARGET_NAME)";
				SWIFT_VERSION = 4.0;
				TARGETED_DEVICE_FAMILY = "1,2";
				TEST_HOST = "$(BUILT_PRODUCTS_DIR)/quizGame.app/quizGame";
			};
			name = Debug;
		};
		4B16BC8F2073066900B86E35 /* Release */ = {
			isa = XCBuildConfiguration;
			buildSettings = {
				ALWAYS_EMBED_SWIFT_STANDARD_LIBRARIES = YES;
				BUNDLE_LOADER = "$(TEST_HOST)";
				CODE_SIGN_STYLE = Automatic;
				DEVELOPMENT_TEAM = FC597CZGMA;
				INFOPLIST_FILE = quizGameTests/Info.plist;
				LD_RUNPATH_SEARCH_PATHS = "$(inherited) @executable_path/Frameworks @loader_path/Frameworks";
				PRODUCT_BUNDLE_IDENTIFIER = group9.quizGameTests;
				PRODUCT_NAME = "$(TARGET_NAME)";
				SWIFT_VERSION = 4.0;
				TARGETED_DEVICE_FAMILY = "1,2";
				TEST_HOST = "$(BUILT_PRODUCTS_DIR)/quizGame.app/quizGame";
			};
			name = Release;
		};
		4B16BC912073066900B86E35 /* Debug */ = {
			isa = XCBuildConfiguration;
			buildSettings = {
				ALWAYS_EMBED_SWIFT_STANDARD_LIBRARIES = YES;
				CODE_SIGN_STYLE = Automatic;
				DEVELOPMENT_TEAM = FC597CZGMA;
				INFOPLIST_FILE = quizGameUITests/Info.plist;
				LD_RUNPATH_SEARCH_PATHS = "$(inherited) @executable_path/Frameworks @loader_path/Frameworks";
				PRODUCT_BUNDLE_IDENTIFIER = group9.quizGameUITests;
				PRODUCT_NAME = "$(TARGET_NAME)";
				SWIFT_VERSION = 4.0;
				TARGETED_DEVICE_FAMILY = "1,2";
				TEST_TARGET_NAME = quizGame;
			};
			name = Debug;
		};
		4B16BC922073066900B86E35 /* Release */ = {
			isa = XCBuildConfiguration;
			buildSettings = {
				ALWAYS_EMBED_SWIFT_STANDARD_LIBRARIES = YES;
				CODE_SIGN_STYLE = Automatic;
				DEVELOPMENT_TEAM = FC597CZGMA;
				INFOPLIST_FILE = quizGameUITests/Info.plist;
				LD_RUNPATH_SEARCH_PATHS = "$(inherited) @executable_path/Frameworks @loader_path/Frameworks";
				PRODUCT_BUNDLE_IDENTIFIER = group9.quizGameUITests;
				PRODUCT_NAME = "$(TARGET_NAME)";
				SWIFT_VERSION = 4.0;
				TARGETED_DEVICE_FAMILY = "1,2";
				TEST_TARGET_NAME = quizGame;
			};
			name = Release;
		};
/* End XCBuildConfiguration section */

/* Begin XCConfigurationList section */
		4B16BC5D2073066800B86E35 /* Build configuration list for PBXProject "quizGame" */ = {
			isa = XCConfigurationList;
			buildConfigurations = (
				4B16BC882073066900B86E35 /* Debug */,
				4B16BC892073066900B86E35 /* Release */,
			);
			defaultConfigurationIsVisible = 0;
			defaultConfigurationName = Release;
		};
		4B16BC8A2073066900B86E35 /* Build configuration list for PBXNativeTarget "quizGame" */ = {
			isa = XCConfigurationList;
			buildConfigurations = (
				4B16BC8B2073066900B86E35 /* Debug */,
				4B16BC8C2073066900B86E35 /* Release */,
			);
			defaultConfigurationIsVisible = 0;
			defaultConfigurationName = Release;
		};
		4B16BC8D2073066900B86E35 /* Build configuration list for PBXNativeTarget "quizGameTests" */ = {
			isa = XCConfigurationList;
			buildConfigurations = (
				4B16BC8E2073066900B86E35 /* Debug */,
				4B16BC8F2073066900B86E35 /* Release */,
			);
			defaultConfigurationIsVisible = 0;
			defaultConfigurationName = Release;
		};
		4B16BC902073066900B86E35 /* Build configuration list for PBXNativeTarget "quizGameUITests" */ = {
			isa = XCConfigurationList;
			buildConfigurations = (
				4B16BC912073066900B86E35 /* Debug */,
				4B16BC922073066900B86E35 /* Release */,
			);
			defaultConfigurationIsVisible = 0;
			defaultConfigurationName = Release;
		};
/* End XCConfigurationList section */
	};
	rootObject = 4B16BC5A2073066800B86E35 /* Project object */;
}
